github.com/1f408/cats_eeds v1.20250513.0 h1:WD3uqKAvDfRr1Fz4yWHlLahPS75sFlqGWpKiq0QT5vA=
github.com/1f408/cats_eeds v1.20250513.0/go.mod h1:CK32Ll/5MO/YmxqCf4RBiGds84aSLmaS7qDXnYcJcnw=
github.com/alecthomas/assert/v2 v2.11.0 h1:2Q9r3ki8+JYXvGsDyBXwH3LcJ+WK5D0gc5E8vS6K3D0=
github.com/alecthomas/assert/v2 v2.11.0/go.mod h1:Bze95FyfUr7x34QZrjL+XP+0qgp/zg8yS+TtBj1WA3k=
github.com/alecthomas/chroma/v2 v2.2.0/go.mod h1:vf4zrexSH54oEjJ7EdB65tGNHmH3pGZmVkgTP5RHvAs=
github.com/alecthomas/chroma/v2 v2.17.0 h1:3r2Cgk+nXNICMBxIFGnTRTbQFUwMiLisW+9uos0TtUI=
github.com/alecthomas/chroma/v2 v2.17.0/go.mod h1:RVX6AvYm4VfYe/zsk7mjHueLDZor3aWCNE14TFlepBk=
github.com/alecthomas/repr v0.0.0-20220113201626-b1b626ac65ae/go.mod h1:2kn6fqh/zIyPLmm3ugklbEi5hg5wS435eygvNfaDQL8=
github.com/alecthomas/repr v0.4.0 h1:GhI2A8MACjfegCPVq9f1FLvIBS+DrQ2KQBFZP1iFzXc=
github.com/alecthomas/repr v0.4.0/go.mod h1:Fr0507jx4eOXV7AlPV6AVZLYrLIuIeSOWtW57eE/O/4=
github.com/davecgh/go-spew v1.1.0/go.mod h1:J7Y8YcW2NihsgmVo/mv3lAwl/skON4iLHjSsI+c5H38=
github.com/davecgh/go-spew v1.1.1 h1:vj9j/u1bqnvCEfJOwUhtlOARqs3+rkHYY13jYWTU97c=
github.com/davecgh/go-spew v1.1.1/go.mod h1:J7Y8YcW2NihsgmVo/mv3lAwl/skON4iLHjSsI+c5H38=
github.com/dlclark/regexp2 v1.4.0/go.mod h1:2pZnwuY/m+8K6iRw6wQdMtk+rH5tNGR1i55kozfMjCc=
github.com/dlclark/regexp2 v1.7.0/go.mod h1:DHkYz0B9wPfa6wondMfaivmHpzrQ3v9q8cnmRbL6yW8=
github.com/dlclark/regexp2 v1.11.5 h1:Q/sSnsKerHeCkc/jSTNq1oCm7KiVgUMZRDUoRu0JQZQ=
github.com/dlclark/regexp2 v1.11.5/go.mod h1:DHkYz0B9wPfa6wondMfaivmHpzrQ3v9q8cnmRbL6yW8=
github.com/goccy/go-yaml v1.17.1 h1:LI34wktB2xEE3ONG/2Ar54+/HJVBriAGJ55PHls4YuY=
github.com/goccy/go-yaml v1.17.1/go.mod h1:XBurs7gK8ATbW4ZPGKgcbrY1Br56PdM69F7LkFRi1kA=
github.com/hexops/gotextdiff v1.0.3 h1:gitA9+qJrrTCsiCl7+kh75nPqQt1cx4ZkudSTLoUqJM=
github.com/hexops/gotextdiff v1.0.3/go.mod h1:pSWU5MAI3yDq+fZBTazCSJysOMbxWL1BSow5/V2vxeg=
github.com/kylelemons/godebug v1.1.0 h1:RPNrshWIDI6G2gRW9EHilWtl7Z6Sb1BR0xunSBf0SNc=
github.com/kylelemons/godebug v1.1.0/go.mod h1:9/0rRGxNHcop5bhtWyNeEfOS8JIWk580+fNqagV/RAw=
github.com/l4go/cmdio v1.20240711.0 h1:4Acux1kexjzVSLO3RXMTuP4JgtSTfcZwrIrwcgmWJ74=
github.com/l4go/cmdio v1.20240711.0/go.mod h1:4UJacWHGWRPdDxBwMKuhDfhKOpOn4zdSiPSkF3MaCZc=
github.com/l4go/csvio v1.20220131.0 h1:ShhcagR9SnNunLwR6a29wz3s2M/z95PZl+RJKDv5/Uo=
github.com/l4go/csvio v1.20220131.0/go.mod h1:7wVrXn22vAWWn9A+Rt1yrom62vedTb7IMbU+bU4D2A4=
github.com/l4go/lineio v1.20220131.0 h1:01sihwIB9phrqyy0u1fo41gp0PM3/r7YxAr4oNSu3zo=
github.com/l4go/lineio v1.20220131.0/go.mod h1:ZZZgbqkAN6Bxg8NXUi/v67c9Dfg3fWJw2gvRwIwJAww=
github.com/l4go/osfs v1.20240116.0 h1:6p1tcC7OiX1w4xItDtgiNoxmT0O/tnojLUZxGHfjCGY=
github.com/l4go/osfs v1.20240116.0/go.mod h1:gK4IkjibqElrMUHpTTZ8h3YqeQmA8Xb5H3ngPDvlXlQ=
github.com/l4go/recode v1.20240116.0 h1:T0kGnBdyuMFnLtKFXRZyvll4iVFVi/0jHiPXK89uAgg=
github.com/l4go/recode v1.20240116.0/go.mod h1:DrUW4nHbOnHb1ryRi8OsORW6J3VhG9mm00UFbKhB6W0=
github.com/l4go/rpath v1.20240116.0 h1:1iNDSWYlNPTpK1/KQVCSz5wf5iVKL0QP0dc+g8Xjff4=
github.com/l4go/rpath v1.20240116.0/go.mod h1:SE6LMUYTiQ4W4hIHnigybaPtLZLAE65hxsKA3xCT2Pg=
github.com/l4go/task v1.20220225.0 h1:CpAsxaMbcqtikq4qjUposmCDLBACXXLu26J6ocOKzKs=
github.com/l4go/task v1.20220225.0/go.mod h1:5vuq2+n3+gYolXbT3AgPaHoCzLDnOLp4NrvWWB1uPV4=
github.com/l4go/timer v1.20220131.0/go.mod h1:3WVqLwRVS1odYYP2UqSs8k8VYAbIRlNEGE02Yq1I2Pw=
github.com/l4go/unifs v1.20240116.0 h1:hWoz9rXO2TfIA5XsYMjUIZPwBfWpYfMs6JuDlLz+uEs=
github.com/l4go/unifs v1.20240116.0/go.mod h1:BVdAr1JCzOPH7J10U4j71iEQbyv3WTXW4ZfwFdAiTGY=
github.com/l4go/var_mtx v1.20220131.0 h1:dsX4puydz92xQ7/y6KnaPahp3gGY827TC7W2z00XHPo=
github.com/l4go/var_mtx v1.20220131.0/go.mod h1:/Yz/lJurbu2G4aAsy056wkFZozGuVkm8qTF2CV8tskw=
github.com/lestrrat-go/envload v0.0.0-20180220234015-a3eb8ddeffcc h1:RKf14vYWi2ttpEmkA4aQ3j4u9dStX2t4M8UM6qqNsG8=
github.com/lestrrat-go/envload v0.0.0-20180220234015-a3eb8ddeffcc/go.mod h1:kopuH9ugFRkIXf3YoqHKyrJ9YfUFsckUU9S7B+XP+is=
github.com/lestrrat-go/strftime v1.1.0 h1:gMESpZy44/4pXLO/m+sL0yBd1W6LjgjrrD4a68Gapyg=
github.com/lestrrat-go/strftime v1.1.0/go.mod h1:uzeIB52CeUJenCo1syghlugshMysrqUT51HlxphXVeI=
github.com/litao91/goldmark-mathjax v0.0.0-20210217064022-a43cf739a50f h1:plCPYXRXDCO57qjqegCzaVf1t6aSbgCMD+zfz18POfs=
github.com/litao91/goldmark-mathjax v0.0.0-20210217064022-a43cf739a50f/go.mod h1:leg+HM7jUS84JYuY120zmU68R6+UeU6uZ/KAW7cViKE=
github.com/naoina/go-stringutil v0.1.0 h1:rCUeRUHjBjGTSHl0VC00jUPLz8/F9dDzYI70Hzifhks=
github.com/naoina/go-stringutil v0.1.0/go.mod h1:XJ2SJL9jCtBh+P9q5btrd/Ylo8XwT/h1USek5+NqSA0=
github.com/naoina/toml v0.1.2-0.20220808084321-5b37ad7d4c47 h1:gtSdlSpVzyFPiEefVu/D+FS390eZXy6CFAKDYVOjVNY=
github.com/naoina/toml v0.1.2-0.20220808084321-5b37ad7d4c47/go.mod h1:lPiP7FaVUTKsCLlpb8Y7V7uNC4f5X2uhtOW9rEsX05I=
github.com/pmezard/go-difflib v1.0.0 h1:4DBwDE0NGyQoBHbLQYPwSUPoCMWR5BEzIk/f1lZbAQM=
github.com/pmezard/go-difflib v1.0.0/go.mod h1:iKH77koFhYxTK1pcRnkKkqfTogsbg7gZNVY4sRDYZ/4=
github.com/stretchr/objx v0.1.0/go.mod h1:HFkY916IF+rwdDfMAkV7OtwuqBVzrE8GR6GFx+wExME=
github.com/stretchr/testify v1.6.1/go.mod h1:6Fq8oRcR53rry900zMqJjRRixrwX3KX962/h/Wwjteg=
github.com/stretchr/testify v1.7.0/go.mod h1:6Fq8oRcR53rry900zMqJjRRixrwX3KX962/h/Wwjteg=
github.com/stretchr/testify v1.8.4 h1:CcVxjf3Q8PM0mHUKJCdn+eZZtm5yQwehR5yeSVQQcUk=
github.com/stretchr/testify v1.8.4/go.mod h1:sz/lmYIOXD/1dqDmKjjqLyZ2RngseejIcXlSw2iwfAo=
github.com/sym01/htmlsanitizer v1.1.0 h1:Q0NEwQmWTlC0st3rmbElEEaO5rM4LOuYnWtBT5pj5Ec=
github.com/sym01/htmlsanitizer v1.1.0/go.mod h1:zazTkJ727MJTDrNcWDaOLlAgGMcsDNG94LJi6vYl6Ug=
github.com/yuin/goldmark v1.2.1/go.mod h1:3hX8gzYuyVAZsxl0MRgGTJEmQBFcNTphYh9decYSb74=
github.com/yuin/goldmark v1.4.15/go.mod h1:6yULJ656Px+3vBD8DxQVa3kxgyrAnzto9xy5taEt/CY=
github.com/yuin/goldmark v1.7.10 h1:S+LrtBjRmqMac2UdtB6yyCEJm+UILZ2fefI4p7o0QpI=
github.com/yuin/goldmark v1.7.10/go.mod h1:ip/1k0VRfGynBgxOz0yCqHrbZXhcjxyuS66Brc7iBKg=
github.com/yuin/goldmark-emoji v1.0.6 h1:QWfF2FYaXwL74tfGOW5izeiZepUDroDJfWubQI9HTHs=
github.com/yuin/goldmark-emoji v1.0.6/go.mod h1:ukxJDKFpdFb5x0a5HqbdlcKtebh086iJpI31LTKmWuA=
github.com/yuin/goldmark-highlighting/v2 v2.0.0-20230729083705-37449abec8cc h1:+IAOyRda+RLrxa1WC7umKOZRsGq4QrFFMYApOeHzQwQ=
github.com/yuin/goldmark-highlighting/v2 v2.0.0-20230729083705-37449abec8cc/go.mod h1:ovIvrum6DQJA4QsJSovrkC4saKHQVs7TvcaeO8AIl5I=
golang.org/x/net v0.39.0 h1:ZCu7HMWDxpXpaiKdhzIfaltL9Lp31x/3fCP11bc6/fY=
golang.org/x/net v0.39.0/go.mod h1:X7NRbYVEA+ewNkCNyJ513WmMdQ3BineSwVtN2zD/d+E=
golang.org/x/sys v0.32.0 h1:s77OFDvIQeibCmezSnk/q6iAfkdiQaJi4VzroCFrN20=
golang.org/x/sys v0.32.0/go.mod h1:BJP2sWEmIv4KK5OTEluFJCKSidICx8ciO85XgH3Ak8k=
golang.org/x/text v0.24.0 h1:dd5Bzh4yt5KYA8f9CJHCP4FB4D51c2c6JvN37xJJkJ0=
golang.org/x/text v0.24.0/go.mod h1:L8rBsPeo2pSS+xqN0d5u2ikmjtmoJbDBT1b7nHvFCdU=
gopkg.in/check.v1 v0.0.0-20161208181325-20d25e280405/go.mod h1:Co6ibVJAznAaIkqp8huTwlJQCZ016jof/cbN4VW5Yz0=
gopkg.in/yaml.v3 v3.0.0-20200313102051-9f266ea9e77c/go.mod h1:K4uyk7z7BCEPqu6E+C64Yfv1cQ7kz7rIZviUmN+EgEM=
gopkg.in/yaml.v3 v3.0.1 h1:fxVm/GzAzEWqLHuvctI91KS9hhNmmWOoWu0XTYJS7CA=
gopkg.in/yaml.v3 v3.0.1/go.mod h1:K4uyk7z7BCEPqu6E+C64Yfv1cQ7kz7rIZviUmN+EgEM=
